// !$*UTF8*$!
{
	archiveVersion = 1;
	classes = {
	};
	objectVersion = 46;
	objects = {

/* Begin PBXBuildFile section */
		271ADD151C0134EA00152DE0 /* AppDelegate.swift in Sources */ = {isa = PBXBuildFile; fileRef = 271ADD141C0134EA00152DE0 /* AppDelegate.swift */; };
		271ADD171C0134EA00152DE0 /* ViewController.swift in Sources */ = {isa = PBXBuildFile; fileRef = 271ADD161C0134EA00152DE0 /* ViewController.swift */; };
		271ADD1A1C0134EA00152DE0 /* Main.storyboard in Resources */ = {isa = PBXBuildFile; fileRef = 271ADD181C0134EA00152DE0 /* Main.storyboard */; };
		271ADD1C1C0134EA00152DE0 /* Assets.xcassets in Resources */ = {isa = PBXBuildFile; fileRef = 271ADD1B1C0134EA00152DE0 /* Assets.xcassets */; };
		271ADD1F1C0134EA00152DE0 /* LaunchScreen.storyboard in Resources */ = {isa = PBXBuildFile; fileRef = 271ADD1D1C0134EA00152DE0 /* LaunchScreen.storyboard */; };
		271ADD241C0134EA00152DE0 /* FunWithPicker.app in Embed Watch Content */ = {isa = PBXBuildFile; fileRef = 271ADD231C0134EA00152DE0 /* FunWithPicker.app */; };
		271ADD2A1C0134EA00152DE0 /* Interface.storyboard in Resources */ = {isa = PBXBuildFile; fileRef = 271ADD281C0134EA00152DE0 /* Interface.storyboard */; };
		271ADD2C1C0134EB00152DE0 /* Assets.xcassets in Resources */ = {isa = PBXBuildFile; fileRef = 271ADD2B1C0134EB00152DE0 /* Assets.xcassets */; };
		271ADD331C0134EB00152DE0 /* FunWithPicker.appex in Embed App Extensions */ = {isa = PBXBuildFile; fileRef = 271ADD321C0134EB00152DE0 /* FunWithPicker.appex */; settings = {ATTRIBUTES = (RemoveHeadersOnCopy, ); }; };
		271ADD381C0134EB00152DE0 /* InterfaceController.swift in Sources */ = {isa = PBXBuildFile; fileRef = 271ADD371C0134EB00152DE0 /* InterfaceController.swift */; };
		271ADD3A1C0134EB00152DE0 /* ExtensionDelegate.swift in Sources */ = {isa = PBXBuildFile; fileRef = 271ADD391C0134EB00152DE0 /* ExtensionDelegate.swift */; };
		271ADD3C1C0134EB00152DE0 /* Assets.xcassets in Resources */ = {isa = PBXBuildFile; fileRef = 271ADD3B1C0134EB00152DE0 /* Assets.xcassets */; };
		27CFA1561C2103D500AA6C68 /* Sofia-Regular.otf in Resources */ = {isa = PBXBuildFile; fileRef = 27CFA1551C2103D500AA6C68 /* Sofia-Regular.otf */; };
		27CFA1571C2103D500AA6C68 /* Sofia-Regular.otf in Resources */ = {isa = PBXBuildFile; fileRef = 27CFA1551C2103D500AA6C68 /* Sofia-Regular.otf */; };
		27CFA1591C2110F700AA6C68 /* FunWithPicker.storyboard in Resources */ = {isa = PBXBuildFile; fileRef = 27CFA1581C2110F700AA6C68 /* FunWithPicker.storyboard */; };
		27CFA15A1C2110F700AA6C68 /* FunWithPicker.storyboard in Resources */ = {isa = PBXBuildFile; fileRef = 27CFA1581C2110F700AA6C68 /* FunWithPicker.storyboard */; };
		27CFA15B1C2110F700AA6C68 /* FunWithPicker.storyboard in Resources */ = {isa = PBXBuildFile; fileRef = 27CFA1581C2110F700AA6C68 /* FunWithPicker.storyboard */; };
/* End PBXBuildFile section */

/* Begin PBXContainerItemProxy section */
		271ADD251C0134EA00152DE0 /* PBXContainerItemProxy */ = {
			isa = PBXContainerItemProxy;
			containerPortal = 271ADD091C0134EA00152DE0 /* Project object */;
			proxyType = 1;
			remoteGlobalIDString = 271ADD221C0134EA00152DE0;
			remoteInfo = "PickerImagesApp WatchKit App";
		};
		271ADD341C0134EB00152DE0 /* PBXContainerItemProxy */ = {
			isa = PBXContainerItemProxy;
			containerPortal = 271ADD091C0134EA00152DE0 /* Project object */;
			proxyType = 1;
			remoteGlobalIDString = 271ADD311C0134EB00152DE0;
			remoteInfo = "PickerImagesApp WatchKit Extension";
		};
/* End PBXContainerItemProxy section */

/* Begin PBXCopyFilesBuildPhase section */
		271ADD431C0134EB00152DE0 /* Embed App Extensions */ = {
			isa = PBXCopyFilesBuildPhase;
			buildActionMask = 2147483647;
			dstPath = "";
			dstSubfolderSpec = 13;
			files = (
				271ADD331C0134EB00152DE0 /* FunWithPicker.appex in Embed App Extensions */,
			);
			name = "Embed App Extensions";
			runOnlyForDeploymentPostprocessing = 0;
		};
		271ADD471C0134EB00152DE0 /* Embed Watch Content */ = {
			isa = PBXCopyFilesBuildPhase;
			buildActionMask = 2147483647;
			dstPath = "$(CONTENTS_FOLDER_PATH)/Watch";
			dstSubfolderSpec = 16;
			files = (
				271ADD241C0134EA00152DE0 /* FunWithPicker.app in Embed Watch Content */,
			);
			name = "Embed Watch Content";
			runOnlyForDeploymentPostprocessing = 0;
		};
/* End PBXCopyFilesBuildPhase section */

/* Begin PBXFileReference section */
		271ADD111C0134EA00152DE0 /* FunWithPicker.app */ = {isa = PBXFileReference; explicitFileType = wrapper.application; includeInIndex = 0; path = FunWithPicker.app; sourceTree = BUILT_PRODUCTS_DIR; };
		271ADD141C0134EA00152DE0 /* AppDelegate.swift */ = {isa = PBXFileReference; lastKnownFileType = sourcecode.swift; path = AppDelegate.swift; sourceTree = "<group>"; };
		271ADD161C0134EA00152DE0 /* ViewController.swift */ = {isa = PBXFileReference; lastKnownFileType = sourcecode.swift; path = ViewController.swift; sourceTree = "<group>"; };
		271ADD191C0134EA00152DE0 /* Base */ = {isa = PBXFileReference; lastKnownFileType = file.storyboard; name = Base; path = Base.lproj/Main.storyboard; sourceTree = "<group>"; };
		271ADD1B1C0134EA00152DE0 /* Assets.xcassets */ = {isa = PBXFileReference; lastKnownFileType = folder.assetcatalog; path = Assets.xcassets; sourceTree = "<group>"; };
		271ADD1E1C0134EA00152DE0 /* Base */ = {isa = PBXFileReference; lastKnownFileType = file.storyboard; name = Base; path = Base.lproj/LaunchScreen.storyboard; sourceTree = "<group>"; };
		271ADD201C0134EA00152DE0 /* Info.plist */ = {isa = PBXFileReference; lastKnownFileType = text.plist.xml; path = Info.plist; sourceTree = "<group>"; };
		271ADD231C0134EA00152DE0 /* FunWithPicker.app */ = {isa = PBXFileReference; explicitFileType = wrapper.application; includeInIndex = 0; path = FunWithPicker.app; sourceTree = BUILT_PRODUCTS_DIR; };
		271ADD291C0134EA00152DE0 /* Base */ = {isa = PBXFileReference; lastKnownFileType = file.storyboard; name = Base; path = Base.lproj/Interface.storyboard; sourceTree = "<group>"; };
		271ADD2B1C0134EB00152DE0 /* Assets.xcassets */ = {isa = PBXFileReference; lastKnownFileType = folder.assetcatalog; path = Assets.xcassets; sourceTree = "<group>"; };
		271ADD2D1C0134EB00152DE0 /* Info.plist */ = {isa = PBXFileReference; lastKnownFileType = text.plist.xml; path = Info.plist; sourceTree = "<group>"; };
		271ADD321C0134EB00152DE0 /* FunWithPicker.appex */ = {isa = PBXFileReference; explicitFileType = "wrapper.app-extension"; includeInIndex = 0; path = FunWithPicker.appex; sourceTree = BUILT_PRODUCTS_DIR; };
		271ADD371C0134EB00152DE0 /* InterfaceController.swift */ = {isa = PBXFileReference; lastKnownFileType = sourcecode.swift; path = InterfaceController.swift; sourceTree = "<group>"; };
		271ADD391C0134EB00152DE0 /* ExtensionDelegate.swift */ = {isa = PBXFileReference; lastKnownFileType = sourcecode.swift; path = ExtensionDelegate.swift; sourceTree = "<group>"; };
		271ADD3B1C0134EB00152DE0 /* Assets.xcassets */ = {isa = PBXFileReference; lastKnownFileType = folder.assetcatalog; path = Assets.xcassets; sourceTree = "<group>"; };
		271ADD3D1C0134EB00152DE0 /* Info.plist */ = {isa = PBXFileReference; lastKnownFileType = text.plist.xml; path = Info.plist; sourceTree = "<group>"; };
		27CFA1551C2103D500AA6C68 /* Sofia-Regular.otf */ = {isa = PBXFileReference; lastKnownFileType = file; path = "Sofia-Regular.otf"; sourceTree = "<group>"; };
		27CFA1581C2110F700AA6C68 /* FunWithPicker.storyboard */ = {isa = PBXFileReference; fileEncoding = 4; lastKnownFileType = file.storyboard; name = FunWithPicker.storyboard; path = ../../FunWithPicker.storyboard; sourceTree = "<group>"; };
/* End PBXFileReference section */

/* Begin PBXFrameworksBuildPhase section */
		271ADD0E1C0134EA00152DE0 /* Frameworks */ = {
			isa = PBXFrameworksBuildPhase;
			buildActionMask = 2147483647;
			files = (
			);
			runOnlyForDeploymentPostprocessing = 0;
		};
		271ADD2F1C0134EB00152DE0 /* Frameworks */ = {
			isa = PBXFrameworksBuildPhase;
			buildActionMask = 2147483647;
			files = (
			);
			runOnlyForDeploymentPostprocessing = 0;
		};
/* End PBXFrameworksBuildPhase section */

/* Begin PBXGroup section */
		271ADD081C0134E900152DE0 = {
			isa = PBXGroup;
			children = (
				271ADD131C0134EA00152DE0 /* PickerImagesApp */,
				271ADD271C0134EA00152DE0 /* PickerImagesApp WatchKit App */,
				271ADD361C0134EB00152DE0 /* PickerImagesApp WatchKit Extension */,
				271ADD121C0134EA00152DE0 /* Products */,
			);
			sourceTree = "<group>";
		};
		271ADD121C0134EA00152DE0 /* Products */ = {
			isa = PBXGroup;
			children = (
				271ADD111C0134EA00152DE0 /* FunWithPicker.app */,
				271ADD231C0134EA00152DE0 /* FunWithPicker.app */,
				271ADD321C0134EB00152DE0 /* FunWithPicker.appex */,
			);
			name = Products;
			sourceTree = "<group>";
		};
		271ADD131C0134EA00152DE0 /* PickerImagesApp */ = {
			isa = PBXGroup;
			children = (
				271ADD141C0134EA00152DE0 /* AppDelegate.swift */,
				271ADD161C0134EA00152DE0 /* ViewController.swift */,
				271ADD181C0134EA00152DE0 /* Main.storyboard */,
				271ADD1B1C0134EA00152DE0 /* Assets.xcassets */,
				271ADD1D1C0134EA00152DE0 /* LaunchScreen.storyboard */,
				271ADD201C0134EA00152DE0 /* Info.plist */,
			);
			path = PickerImagesApp;
			sourceTree = "<group>";
		};
		271ADD271C0134EA00152DE0 /* PickerImagesApp WatchKit App */ = {
			isa = PBXGroup;
			children = (
				27CFA1551C2103D500AA6C68 /* Sofia-Regular.otf */,
				271ADD281C0134EA00152DE0 /* Interface.storyboard */,
				27CFA1581C2110F700AA6C68 /* FunWithPicker.storyboard */,
				271ADD2B1C0134EB00152DE0 /* Assets.xcassets */,
				271ADD2D1C0134EB00152DE0 /* Info.plist */,
			);
			path = "PickerImagesApp WatchKit App";
			sourceTree = "<group>";
		};
		271ADD361C0134EB00152DE0 /* PickerImagesApp WatchKit Extension */ = {
			isa = PBXGroup;
			children = (
				271ADD371C0134EB00152DE0 /* InterfaceController.swift */,
				271ADD391C0134EB00152DE0 /* ExtensionDelegate.swift */,
				271ADD3B1C0134EB00152DE0 /* Assets.xcassets */,
				271ADD3D1C0134EB00152DE0 /* Info.plist */,
			);
			path = "PickerImagesApp WatchKit Extension";
			sourceTree = "<group>";
		};
/* End PBXGroup section */

/* Begin PBXNativeTarget section */
		271ADD101C0134EA00152DE0 /* FunWithPicker */ = {
			isa = PBXNativeTarget;
			buildConfigurationList = 271ADD481C0134EB00152DE0 /* Build configuration list for PBXNativeTarget "FunWithPicker" */;
			buildPhases = (
				271ADD0D1C0134EA00152DE0 /* Sources */,
				271ADD0E1C0134EA00152DE0 /* Frameworks */,
				271ADD0F1C0134EA00152DE0 /* Resources */,
				271ADD471C0134EB00152DE0 /* Embed Watch Content */,
			);
			buildRules = (
			);
			dependencies = (
				271ADD261C0134EA00152DE0 /* PBXTargetDependency */,
			);
			name = FunWithPicker;
			productName = PickerImagesApp;
			productReference = 271ADD111C0134EA00152DE0 /* FunWithPicker.app */;
			productType = "com.apple.product-type.application";
		};
		271ADD221C0134EA00152DE0 /* FunWithPicker WatchKit App */ = {
			isa = PBXNativeTarget;
			buildConfigurationList = 271ADD441C0134EB00152DE0 /* Build configuration list for PBXNativeTarget "FunWithPicker WatchKit App" */;
			buildPhases = (
				271ADD211C0134EA00152DE0 /* Resources */,
				271ADD431C0134EB00152DE0 /* Embed App Extensions */,
			);
			buildRules = (
			);
			dependencies = (
				271ADD351C0134EB00152DE0 /* PBXTargetDependency */,
			);
			name = "FunWithPicker WatchKit App";
			productName = "PickerImagesApp WatchKit App";
			productReference = 271ADD231C0134EA00152DE0 /* FunWithPicker.app */;
			productType = "com.apple.product-type.application.watchapp2";
		};
		271ADD311C0134EB00152DE0 /* FunWithPicker WatchKit Extension */ = {
			isa = PBXNativeTarget;
			buildConfigurationList = 271ADD401C0134EB00152DE0 /* Build configuration list for PBXNativeTarget "FunWithPicker WatchKit Extension" */;
			buildPhases = (
				271ADD2E1C0134EB00152DE0 /* Sources */,
				271ADD2F1C0134EB00152DE0 /* Frameworks */,
				271ADD301C0134EB00152DE0 /* Resources */,
			);
			buildRules = (
			);
			dependencies = (
			);
			name = "FunWithPicker WatchKit Extension";
			productName = "PickerImagesApp WatchKit Extension";
			productReference = 271ADD321C0134EB00152DE0 /* FunWithPicker.appex */;
			productType = "com.apple.product-type.watchkit2-extension";
		};
/* End PBXNativeTarget section */

/* Begin PBXProject section */
		271ADD091C0134EA00152DE0 /* Project object */ = {
			isa = PBXProject;
			attributes = {
				LastSwiftUpdateCheck = 0710;
				LastUpgradeCheck = 0710;
				ORGANIZATIONNAME = "Kyle Huber";
				TargetAttributes = {
					271ADD101C0134EA00152DE0 = {
						CreatedOnToolsVersion = 7.1;
					};
					271ADD221C0134EA00152DE0 = {
						CreatedOnToolsVersion = 7.1;
					};
					271ADD311C0134EB00152DE0 = {
						CreatedOnToolsVersion = 7.1;
					};
				};
			};
			buildConfigurationList = 271ADD0C1C0134EA00152DE0 /* Build configuration list for PBXProject "FunWithPicker" */;
			compatibilityVersion = "Xcode 3.2";
			developmentRegion = English;
			hasScannedForEncodings = 0;
			knownRegions = (
				en,
				Base,
			);
			mainGroup = 271ADD081C0134E900152DE0;
			productRefGroup = 271ADD121C0134EA00152DE0 /* Products */;
			projectDirPath = "";
			projectRoot = "";
			targets = (
				271ADD101C0134EA00152DE0 /* FunWithPicker */,
				271ADD221C0134EA00152DE0 /* FunWithPicker WatchKit App */,
				271ADD311C0134EB00152DE0 /* FunWithPicker WatchKit Extension */,
			);
		};
/* End PBXProject section */

/* Begin PBXResourcesBuildPhase section */
		271ADD0F1C0134EA00152DE0 /* Resources */ = {
			isa = PBXResourcesBuildPhase;
			buildActionMask = 2147483647;
			files = (
				271ADD1F1C0134EA00152DE0 /* LaunchScreen.storyboard in Resources */,
				271ADD1C1C0134EA00152DE0 /* Assets.xcassets in Resources */,
				27CFA1591C2110F700AA6C68 /* FunWithPicker.storyboard in Resources */,
				271ADD1A1C0134EA00152DE0 /* Main.storyboard in Resources */,
			);
			runOnlyForDeploymentPostprocessing = 0;
		};
		271ADD211C0134EA00152DE0 /* Resources */ = {
			isa = PBXResourcesBuildPhase;
			buildActionMask = 2147483647;
			files = (
				271ADD2C1C0134EB00152DE0 /* Assets.xcassets in Resources */,
				27CFA1561C2103D500AA6C68 /* Sofia-Regular.otf in Resources */,
				27CFA15A1C2110F700AA6C68 /* FunWithPicker.storyboard in Resources */,
				271ADD2A1C0134EA00152DE0 /* Interface.storyboard in Resources */,
			);
			runOnlyForDeploymentPostprocessing = 0;
		};
		271ADD301C0134EB00152DE0 /* Resources */ = {
			isa = PBXResourcesBuildPhase;
			buildActionMask = 2147483647;
			files = (
				271ADD3C1C0134EB00152DE0 /* Assets.xcassets in Resources */,
				27CFA15B1C2110F700AA6C68 /* FunWithPicker.storyboard in Resources */,
				27CFA1571C2103D500AA6C68 /* Sofia-Regular.otf in Resources */,
			);
			runOnlyForDeploymentPostprocessing = 0;
		};
/* End PBXResourcesBuildPhase section */

/* Begin PBXSourcesBuildPhase section */
		271ADD0D1C0134EA00152DE0 /* Sources */ = {
			isa = PBXSourcesBuildPhase;
			buildActionMask = 2147483647;
			files = (
				271ADD171C0134EA00152DE0 /* ViewController.swift in Sources */,
				271ADD151C0134EA00152DE0 /* AppDelegate.swift in Sources */,
			);
			runOnlyForDeploymentPostprocessing = 0;
		};
		271ADD2E1C0134EB00152DE0 /* Sources */ = {
			isa = PBXSourcesBuildPhase;
			buildActionMask = 2147483647;
			files = (
				271ADD3A1C0134EB00152DE0 /* ExtensionDelegate.swift in Sources */,
				271ADD381C0134EB00152DE0 /* InterfaceController.swift in Sources */,
			);
			runOnlyForDeploymentPostprocessing = 0;
		};
/* End PBXSourcesBuildPhase section */

/* Begin PBXTargetDependency section */
		271ADD261C0134EA00152DE0 /* PBXTargetDependency */ = {
			isa = PBXTargetDependency;
			target = 271ADD221C0134EA00152DE0 /* FunWithPicker WatchKit App */;
			targetProxy = 271ADD251C0134EA00152DE0 /* PBXContainerItemProxy */;
		};
		271ADD351C0134EB00152DE0 /* PBXTargetDependency */ = {
			isa = PBXTargetDependency;
			target = 271ADD311C0134EB00152DE0 /* FunWithPicker WatchKit Extension */;
			targetProxy = 271ADD341C0134EB00152DE0 /* PBXContainerItemProxy */;
		};
/* End PBXTargetDependency section */

/* Begin PBXVariantGroup section */
		271ADD181C0134EA00152DE0 /* Main.storyboard */ = {
			isa = PBXVariantGroup;
			children = (
				271ADD191C0134EA00152DE0 /* Base */,
			);
			name = Main.storyboard;
			sourceTree = "<group>";
		};
		271ADD1D1C0134EA00152DE0 /* LaunchScreen.storyboard */ = {
			isa = PBXVariantGroup;
			children = (
				271ADD1E1C0134EA00152DE0 /* Base */,
			);
			name = LaunchScreen.storyboard;
			sourceTree = "<group>";
		};
		271ADD281C0134EA00152DE0 /* Interface.storyboard */ = {
			isa = PBXVariantGroup;
			children = (
				271ADD291C0134EA00152DE0 /* Base */,
			);
			name = Interface.storyboard;
			sourceTree = "<group>";
		};
/* End PBXVariantGroup section */

/* Begin XCBuildConfiguration section */
		271ADD3E1C0134EB00152DE0 /* Debug */ = {
			isa = XCBuildConfiguration;
			buildSettings = {
				ALWAYS_SEARCH_USER_PATHS = NO;
				CLANG_CXX_LANGUAGE_STANDARD = "gnu++0x";
				CLANG_CXX_LIBRARY = "libc++";
				CLANG_ENABLE_MODULES = YES;
				CLANG_ENABLE_OBJC_ARC = YES;
				CLANG_WARN_BOOL_CONVERSION = YES;
				CLANG_WARN_CONSTANT_CONVERSION = YES;
				CLANG_WARN_DIRECT_OBJC_ISA_USAGE = YES_ERROR;
				CLANG_WARN_EMPTY_BODY = YES;
				CLANG_WARN_ENUM_CONVERSION = YES;
				CLANG_WARN_INT_CONVERSION = YES;
				CLANG_WARN_OBJC_ROOT_CLASS = YES_ERROR;
				CLANG_WARN_UNREACHABLE_CODE = YES;
				CLANG_WARN__DUPLICATE_METHOD_MATCH = YES;
				"CODE_SIGN_IDENTITY[sdk=iphoneos*]" = "iPhone Developer";
				COPY_PHASE_STRIP = NO;
				DEBUG_INFORMATION_FORMAT = dwarf;
				ENABLE_STRICT_OBJC_MSGSEND = YES;
				ENABLE_TESTABILITY = YES;
				GCC_C_LANGUAGE_STANDARD = gnu99;
				GCC_DYNAMIC_NO_PIC = NO;
				GCC_NO_COMMON_BLOCKS = YES;
				GCC_OPTIMIZATION_LEVEL = 0;
				GCC_PREPROCESSOR_DEFINITIONS = (
					"DEBUG=1",
					"$(inherited)",
				);
				GCC_WARN_64_TO_32_BIT_CONVERSION = YES;
				GCC_WARN_ABOUT_RETURN_TYPE = YES_ERROR;
				GCC_WARN_UNDECLARED_SELECTOR = YES;
				GCC_WARN_UNINITIALIZED_AUTOS = YES_AGGRESSIVE;
				GCC_WARN_UNUSED_FUNCTION = YES;
				GCC_WARN_UNUSED_VARIABLE = YES;
				IPHONEOS_DEPLOYMENT_TARGET = 9.1;
				MTL_ENABLE_DEBUG_INFO = YES;
				ONLY_ACTIVE_ARCH = YES;
				SDKROOT = iphoneos;
				SWIFT_OPTIMIZATION_LEVEL = "-Onone";
				TARGETED_DEVICE_FAMILY = "1,2";
			};
			name = Debug;
		};
		271ADD3F1C0134EB00152DE0 /* Release */ = {
			isa = XCBuildConfiguration;
			buildSettings = {
				ALWAYS_SEARCH_USER_PATHS = NO;
				CLANG_CXX_LANGUAGE_STANDARD = "gnu++0x";
				CLANG_CXX_LIBRARY = "libc++";
				CLANG_ENABLE_MODULES = YES;
				CLANG_ENABLE_OBJC_ARC = YES;
				CLANG_WARN_BOOL_CONVERSION = YES;
				CLANG_WARN_CONSTANT_CONVERSION = YES;
				CLANG_WARN_DIRECT_OBJC_ISA_USAGE = YES_ERROR;
				CLANG_WARN_EMPTY_BODY = YES;
				CLANG_WARN_ENUM_CONVERSION = YES;
				CLANG_WARN_INT_CONVERSION = YES;
				CLANG_WARN_OBJC_ROOT_CLASS = YES_ERROR;
				CLANG_WARN_UNREACHABLE_CODE = YES;
				CLANG_WARN__DUPLICATE_METHOD_MATCH = YES;
				"CODE_SIGN_IDENTITY[sdk=iphoneos*]" = "iPhone Developer";
				COPY_PHASE_STRIP = NO;
				DEBUG_INFORMATION_FORMAT = "dwarf-with-dsym";
				ENABLE_NS_ASSERTIONS = NO;
				ENABLE_STRICT_OBJC_MSGSEND = YES;
				GCC_C_LANGUAGE_STANDARD = gnu99;
				GCC_NO_COMMON_BLOCKS = YES;
				GCC_WARN_64_TO_32_BIT_CONVERSION = YES;
				GCC_WARN_ABOUT_RETURN_TYPE = YES_ERROR;
				GCC_WARN_UNDECLARED_SELECTOR = YES;
				GCC_WARN_UNINITIALIZED_AUTOS = YES_AGGRESSIVE;
				GCC_WARN_UNUSED_FUNCTION = YES;
				GCC_WARN_UNUSED_VARIABLE = YES;
				IPHONEOS_DEPLOYMENT_TARGET = 9.1;
				MTL_ENABLE_DEBUG_INFO = NO;
				SDKROOT = iphoneos;
				TARGETED_DEVICE_FAMILY = "1,2";
				VALIDATE_PRODUCT = YES;
			};
			name = Release;
		};
		271ADD411C0134EB00152DE0 /* Debug */ = {
			isa = XCBuildConfiguration;
			buildSettings = {
				INFOPLIST_FILE = "PickerImagesApp WatchKit Extension/Info.plist";
				LD_RUNPATH_SEARCH_PATHS = "$(inherited) @executable_path/Frameworks @executable_path/../../Frameworks";
				PRODUCT_BUNDLE_IDENTIFIER = IWU.PickerImagesApp.watchkitapp.watchkitextension;
				PRODUCT_NAME = FunWithPicker;
				SDKROOT = watchos;
				SKIP_INSTALL = YES;
				TARGETED_DEVICE_FAMILY = 4;
				WATCHOS_DEPLOYMENT_TARGET = 2.0;
			};
			name = Debug;
		};
		271ADD421C0134EB00152DE0 /* Release */ = {
			isa = XCBuildConfiguration;
			buildSettings = {
				INFOPLIST_FILE = "PickerImagesApp WatchKit Extension/Info.plist";
				LD_RUNPATH_SEARCH_PATHS = "$(inherited) @executable_path/Frameworks @executable_path/../../Frameworks";
				PRODUCT_BUNDLE_IDENTIFIER = IWU.PickerImagesApp.watchkitapp.watchkitextension;
				PRODUCT_NAME = FunWithPicker;
				SDKROOT = watchos;
				SKIP_INSTALL = YES;
				TARGETED_DEVICE_FAMILY = 4;
				WATCHOS_DEPLOYMENT_TARGET = 2.0;
			};
			name = Release;
		};
		271ADD451C0134EB00152DE0 /* Debug */ = {
			isa = XCBuildConfiguration;
			buildSettings = {
				ASSETCATALOG_COMPILER_APPICON_NAME = AppIcon;
				EMBEDDED_CONTENT_CONTAINS_SWIFT = YES;
				IBSC_MODULE = PickerImagesApp_WatchKit_Extension;
				INFOPLIST_FILE = "PickerImagesApp WatchKit App/Info.plist";
				PRODUCT_BUNDLE_IDENTIFIER = IWU.PickerImagesApp.watchkitapp;
				PRODUCT_NAME = FunWithPicker;
				SDKROOT = watchos;
				SKIP_INSTALL = YES;
				TARGETED_DEVICE_FAMILY = 4;
				WATCHOS_DEPLOYMENT_TARGET = 2.0;
			};
			name = Debug;
		};
		271ADD461C0134EB00152DE0 /* Release */ = {
			isa = XCBuildConfiguration;
			buildSettings = {
				ASSETCATALOG_COMPILER_APPICON_NAME = AppIcon;
				EMBEDDED_CONTENT_CONTAINS_SWIFT = YES;
				IBSC_MODULE = PickerImagesApp_WatchKit_Extension;
				INFOPLIST_FILE = "PickerImagesApp WatchKit App/Info.plist";
				PRODUCT_BUNDLE_IDENTIFIER = IWU.PickerImagesApp.watchkitapp;
				PRODUCT_NAME = FunWithPicker;
				SDKROOT = watchos;
				SKIP_INSTALL = YES;
				TARGETED_DEVICE_FAMILY = 4;
				WATCHOS_DEPLOYMENT_TARGET = 2.0;
			};
			name = Release;
		};
		271ADD491C0134EB00152DE0 /* Debug */ = {
			isa = XCBuildConfiguration;
			buildSettings = {
				ASSETCATALOG_COMPILER_APPICON_NAME = AppIcon;
				INFOPLIST_FILE = PickerImagesApp/Info.plist;
				LD_RUNPATH_SEARCH_PATHS = "$(inherited) @executable_path/Frameworks";
				PRODUCT_BUNDLE_IDENTIFIER = IWU.FunWithPicker;
				PRODUCT_NAME = FunWithPicker;
			};
			name = Debug;
		};
		271ADD4A1C0134EB00152DE0 /* Release */ = {
			isa = XCBuildConfiguration;
			buildSettings = {
				ASSETCATALOG_COMPILER_APPICON_NAME = AppIcon;
				INFOPLIST_FILE = PickerImagesApp/Info.plist;
				LD_RUNPATH_SEARCH_PATHS = "$(inherited) @executable_path/Frameworks";
				PRODUCT_BUNDLE_IDENTIFIER = IWU.FunWithPicker;
				PRODUCT_NAME = FunWithPicker;
			};
			name = Release;
		};
/* End XCBuildConfiguration section */

/* Begin XCConfigurationList section */
		271ADD0C1C0134EA00152DE0 /* Build configuration list for PBXProject "FunWithPicker" */ = {
			isa = XCConfigurationList;
			buildConfigurations = (
				271ADD3E1C0134EB00152DE0 /* Debug */,
				271ADD3F1C0134EB00152DE0 /* Release */,
			);
			defaultConfigurationIsVisible = 0;
			defaultConfigurationName = Release;
		};
		271ADD401C0134EB00152DE0 /* Build configuration list for PBXNativeTarget "FunWithPicker WatchKit Extension" */ = {
			isa = XCConfigurationList;
			buildConfigurations = (
				271ADD411C0134EB00152DE0 /* Debug */,
				271ADD421C0134EB00152DE0 /* Release */,
			);
			defaultConfigurationIsVisible = 0;
			defaultConfigurationName = Release;
		};
		271ADD441C0134EB00152DE0 /* Build configuration list for PBXNativeTarget "FunWithPicker WatchKit App" */ = {
			isa = XCConfigurationList;
			buildConfigurations = (
				271ADD451C0134EB00152DE0 /* Debug */,
				271ADD461C0134EB00152DE0 /* Release */,
			);
			defaultConfigurationIsVisible = 0;
			defaultConfigurationName = Release;
		};
		271ADD481C0134EB00152DE0 /* Build configuration list for PBXNativeTarget "FunWithPicker" */ = {
			isa = XCConfigurationList;
			buildConfigurations = (
				271ADD491C0134EB00152DE0 /* Debug */,
				271ADD4A1C0134EB00152DE0 /* Release */,
			);
			defaultConfigurationIsVisible = 0;
			defaultConfigurationName = Release;
		};
/* End XCConfigurationList section */
	};
	rootObject = 271ADD091C0134EA00152DE0 /* Project object */;
}
